{
  "pins" : [
    {
      "identity" : "appmetrica-sdk-ios",
      "kind" : "remoteSourceControl",
      "location" : "https://github.com/appmetrica/appmetrica-sdk-ios",
      "state" : {
        "revision" : "32783c93cc9015868f72295dc10129182c0dbbc3",
        "version" : "5.8.1"
      }
    },
    {
      "identity" : "kiwi",
      "kind" : "remoteSourceControl",
      "location" : "https://github.com/appmetrica/Kiwi",
      "state" : {
        "revision" : "a265276ad551a65c9b2e3762b0363e007b16f10e",
        "version" : "3.0.1-spm"
      }
    },
    {
      "identity" : "kscrash",
      "kind" : "remoteSourceControl",
      "location" : "https://github.com/kstenerud/KSCrash",
      "state" : {
        "revision" : "353a7ea8f32e34b9008dd7aa6dc0b6466b7daf37",
        "version" : "2.0.0-rc.3"
      }
    }
  ],
  "version" : 2
}
